
Microsoft Visual Studio Solution File, Format Version 12.00
# Visual Studio Version 16
VisualStudioVersion = 16.0.32901.82
MinimumVisualStudioVersion = 10.0.40219.1
Project("{FAE04EC0-301F-11D3-BF4B-00C04F79EFBC}") = "SchoolApplicationWebApi", "SchoolApplicationWebApi.csproj", "{E24F86AE-323A-4A20-8E8F-8D29D0BDB74D}"
EndProject
Global
	GlobalSection(SolutionConfigurationPlatforms) = preSolution
		Debug|Any CPU = Debug|Any CPU
		Release|Any CPU = Release|Any CPU
	EndGlobalSection
	GlobalSection(ProjectConfigurationPlatforms) = postSolution
		{E24F86AE-323A-4A20-8E8F-8D29D0BDB74D}.Debug|Any CPU.ActiveCfg = Debug|Any CPU
		{E24F86AE-323A-4A20-8E8F-8D29D0BDB74D}.Debug|Any CPU.Build.0 = Debug|Any CPU
		{E24F86AE-323A-4A20-8E8F-8D29D0BDB74D}.Release|Any CPU.ActiveCfg = Release|Any CPU
		{E24F86AE-323A-4A20-8E8F-8D29D0BDB74D}.Release|Any CPU.Build.0 = Release|Any CPU
	EndGlobalSection
	GlobalSection(SolutionProperties) = preSolution
		HideSolutionNode = FALSE
	EndGlobalSection
	GlobalSection(ExtensibilityGlobals) = postSolution
		SolutionGuid = {0F377AF2-DE87-4089-A259-F6E7C9DD511D}
	EndGlobalSection
EndGlobal
